
Microsoft Visual Studio Solution File, Format Version 12.00
# Visual Studio Version 17
VisualStudioVersion = 17.6.33829.357
MinimumVisualStudioVersion = 10.0.40219.1
Project("{FAE04EC0-301F-11D3-BF4B-00C04F79EFBC}") = "OnlineHotelWeb", "OnlineHotelWeb\OnlineHotelWeb.csproj", "{70B2DFE4-29B6-476F-B1A6-57536C2F8393}"
EndProject
Project("{FAE04EC0-301F-11D3-BF4B-00C04F79EFBC}") = "OnlineHotelModels", "OnlineHotelModels\OnlineHotelModels.csproj", "{28E8A1B9-4F2A-4671-B23C-715FF4D743BB}"
EndProject
Project("{FAE04EC0-301F-11D3-BF4B-00C04F79EFBC}") = "OnlineHotelBill", "OnlineHotelBill\OnlineHotelBill.csproj", "{F693E500-016C-40CC-AC4F-91D5905202A6}"
EndProject
Project("{FAE04EC0-301F-11D3-BF4B-00C04F79EFBC}") = "onlineHotelutility", "onlineHotelutility\onlineHotelutility.csproj", "{57E9C662-2DE7-4AC1-BB10-7C8227455DED}"
EndProject
Global
	GlobalSection(SolutionConfigurationPlatforms) = preSolution
		Debug|Any CPU = Debug|Any CPU
		Release|Any CPU = Release|Any CPU
	EndGlobalSection
	GlobalSection(ProjectConfigurationPlatforms) = postSolution
		{70B2DFE4-29B6-476F-B1A6-57536C2F8393}.Debug|Any CPU.ActiveCfg = Debug|Any CPU
		{70B2DFE4-29B6-476F-B1A6-57536C2F8393}.Debug|Any CPU.Build.0 = Debug|Any CPU
		{70B2DFE4-29B6-476F-B1A6-57536C2F8393}.Release|Any CPU.ActiveCfg = Release|Any CPU
		{70B2DFE4-29B6-476F-B1A6-57536C2F8393}.Release|Any CPU.Build.0 = Release|Any CPU
		{28E8A1B9-4F2A-4671-B23C-715FF4D743BB}.Debug|Any CPU.ActiveCfg = Debug|Any CPU
		{28E8A1B9-4F2A-4671-B23C-715FF4D743BB}.Debug|Any CPU.Build.0 = Debug|Any CPU
		{28E8A1B9-4F2A-4671-B23C-715FF4D743BB}.Release|Any CPU.ActiveCfg = Release|Any CPU
		{28E8A1B9-4F2A-4671-B23C-715FF4D743BB}.Release|Any CPU.Build.0 = Release|Any CPU
		{F693E500-016C-40CC-AC4F-91D5905202A6}.Debug|Any CPU.ActiveCfg = Debug|Any CPU
		{F693E500-016C-40CC-AC4F-91D5905202A6}.Debug|Any CPU.Build.0 = Debug|Any CPU
		{F693E500-016C-40CC-AC4F-91D5905202A6}.Release|Any CPU.ActiveCfg = Release|Any CPU
		{F693E500-016C-40CC-AC4F-91D5905202A6}.Release|Any CPU.Build.0 = Release|Any CPU
		{57E9C662-2DE7-4AC1-BB10-7C8227455DED}.Debug|Any CPU.ActiveCfg = Debug|Any CPU
		{57E9C662-2DE7-4AC1-BB10-7C8227455DED}.Debug|Any CPU.Build.0 = Debug|Any CPU
		{57E9C662-2DE7-4AC1-BB10-7C8227455DED}.Release|Any CPU.ActiveCfg = Release|Any CPU
		{57E9C662-2DE7-4AC1-BB10-7C8227455DED}.Release|Any CPU.Build.0 = Release|Any CPU
	EndGlobalSection
	GlobalSection(SolutionProperties) = preSolution
		HideSolutionNode = FALSE
	EndGlobalSection
	GlobalSection(ExtensibilityGlobals) = postSolution
		SolutionGuid = {1B2F7329-79B6-4A6B-B9F7-46044D987646}
	EndGlobalSection
EndGlobal
